// !$*UTF8*$!
{
	archiveVersion = 1;
	classes = {
	};
	objectVersion = 46;
	objects = {

/* Begin PBXBuildFile section */
		542276871C9D0441002116A8 /* main.m in Sources */ = {isa = PBXBuildFile; fileRef = 542276861C9D0441002116A8 /* main.m */; };
		5422768A1C9D0441002116A8 /* AppDelegate.m in Sources */ = {isa = PBXBuildFile; fileRef = 542276891C9D0441002116A8 /* AppDelegate.m */; };
		542276921C9D0441002116A8 /* Assets.xcassets in Resources */ = {isa = PBXBuildFile; fileRef = 542276911C9D0441002116A8 /* Assets.xcassets */; };
		5422769E1C9D21D0002116A8 /* YZBTabBarController.m in Sources */ = {isa = PBXBuildFile; fileRef = 5422769D1C9D21D0002116A8 /* YZBTabBarController.m */; };
		542276AD1C9D361A002116A8 /* YZBEssenceViewController.m in Sources */ = {isa = PBXBuildFile; fileRef = 542276AC1C9D361A002116A8 /* YZBEssenceViewController.m */; };
		542276B01C9D363A002116A8 /* YZBNewViewController.m in Sources */ = {isa = PBXBuildFile; fileRef = 542276AF1C9D363A002116A8 /* YZBNewViewController.m */; };
		542276B31C9D365E002116A8 /* YZBFriendTrendsViewController.m in Sources */ = {isa = PBXBuildFile; fileRef = 542276B21C9D365E002116A8 /* YZBFriendTrendsViewController.m */; };
		542276B61C9D3679002116A8 /* YZBMeViewController.m in Sources */ = {isa = PBXBuildFile; fileRef = 542276B51C9D3679002116A8 /* YZBMeViewController.m */; };
/* End PBXBuildFile section */

/* Begin PBXFileReference section */
		542276821C9D0441002116A8 /* 01-百思不得骑姐.app */ = {isa = PBXFileReference; explicitFileType = wrapper.application; includeInIndex = 0; path = "01-百思不得骑姐.app"; sourceTree = BUILT_PRODUCTS_DIR; };
		542276861C9D0441002116A8 /* main.m */ = {isa = PBXFileReference; lastKnownFileType = sourcecode.c.objc; path = main.m; sourceTree = "<group>"; };
		542276881C9D0441002116A8 /* AppDelegate.h */ = {isa = PBXFileReference; lastKnownFileType = sourcecode.c.h; path = AppDelegate.h; sourceTree = "<group>"; };
		542276891C9D0441002116A8 /* AppDelegate.m */ = {isa = PBXFileReference; lastKnownFileType = sourcecode.c.objc; path = AppDelegate.m; sourceTree = "<group>"; };
		542276911C9D0441002116A8 /* Assets.xcassets */ = {isa = PBXFileReference; lastKnownFileType = folder.assetcatalog; path = Assets.xcassets; sourceTree = "<group>"; };
		542276961C9D0441002116A8 /* Info.plist */ = {isa = PBXFileReference; lastKnownFileType = text.plist.xml; path = Info.plist; sourceTree = "<group>"; };
		5422769C1C9D21D0002116A8 /* YZBTabBarController.h */ = {isa = PBXFileReference; fileEncoding = 4; lastKnownFileType = sourcecode.c.h; path = YZBTabBarController.h; sourceTree = "<group>"; };
		5422769D1C9D21D0002116A8 /* YZBTabBarController.m */ = {isa = PBXFileReference; fileEncoding = 4; lastKnownFileType = sourcecode.c.objc; path = YZBTabBarController.m; sourceTree = "<group>"; };
		542276AB1C9D361A002116A8 /* YZBEssenceViewController.h */ = {isa = PBXFileReference; fileEncoding = 4; lastKnownFileType = sourcecode.c.h; path = YZBEssenceViewController.h; sourceTree = "<group>"; };
		542276AC1C9D361A002116A8 /* YZBEssenceViewController.m */ = {isa = PBXFileReference; fileEncoding = 4; lastKnownFileType = sourcecode.c.objc; path = YZBEssenceViewController.m; sourceTree = "<group>"; };
		542276AE1C9D363A002116A8 /* YZBNewViewController.h */ = {isa = PBXFileReference; fileEncoding = 4; lastKnownFileType = sourcecode.c.h; path = YZBNewViewController.h; sourceTree = "<group>"; };
		542276AF1C9D363A002116A8 /* YZBNewViewController.m */ = {isa = PBXFileReference; fileEncoding = 4; lastKnownFileType = sourcecode.c.objc; path = YZBNewViewController.m; sourceTree = "<group>"; };
		542276B11C9D365E002116A8 /* YZBFriendTrendsViewController.h */ = {isa = PBXFileReference; fileEncoding = 4; lastKnownFileType = sourcecode.c.h; path = YZBFriendTrendsViewController.h; sourceTree = "<group>"; };
		542276B21C9D365E002116A8 /* YZBFriendTrendsViewController.m */ = {isa = PBXFileReference; fileEncoding = 4; lastKnownFileType = sourcecode.c.objc; path = YZBFriendTrendsViewController.m; sourceTree = "<group>"; };
		542276B41C9D3679002116A8 /* YZBMeViewController.h */ = {isa = PBXFileReference; fileEncoding = 4; lastKnownFileType = sourcecode.c.h; path = YZBMeViewController.h; sourceTree = "<group>"; };
		542276B51C9D3679002116A8 /* YZBMeViewController.m */ = {isa = PBXFileReference; fileEncoding = 4; lastKnownFileType = sourcecode.c.objc; path = YZBMeViewController.m; sourceTree = "<group>"; };
/* End PBXFileReference section */

/* Begin PBXFrameworksBuildPhase section */
		5422767F1C9D0441002116A8 /* Frameworks */ = {
			isa = PBXFrameworksBuildPhase;
			buildActionMask = 2147483647;
			files = (
			);
			runOnlyForDeploymentPostprocessing = 0;
		};
/* End PBXFrameworksBuildPhase section */

/* Begin PBXGroup section */
		542276791C9D0441002116A8 = {
			isa = PBXGroup;
			children = (
				542276841C9D0441002116A8 /* 01-百思不得骑姐 */,
				542276831C9D0441002116A8 /* Products */,
			);
			sourceTree = "<group>";
		};
		542276831C9D0441002116A8 /* Products */ = {
			isa = PBXGroup;
			children = (
				542276821C9D0441002116A8 /* 01-百思不得骑姐.app */,
			);
			name = Products;
			sourceTree = "<group>";
		};
		542276841C9D0441002116A8 /* 01-百思不得骑姐 */ = {
			isa = PBXGroup;
			children = (
				542276AB1C9D361A002116A8 /* YZBEssenceViewController.h */,
				542276AC1C9D361A002116A8 /* YZBEssenceViewController.m */,
				542276AE1C9D363A002116A8 /* YZBNewViewController.h */,
				542276AF1C9D363A002116A8 /* YZBNewViewController.m */,
				542276B11C9D365E002116A8 /* YZBFriendTrendsViewController.h */,
				542276B21C9D365E002116A8 /* YZBFriendTrendsViewController.m */,
				542276B41C9D3679002116A8 /* YZBMeViewController.h */,
				542276B51C9D3679002116A8 /* YZBMeViewController.m */,
				5422769C1C9D21D0002116A8 /* YZBTabBarController.h */,
				5422769D1C9D21D0002116A8 /* YZBTabBarController.m */,
				542276881C9D0441002116A8 /* AppDelegate.h */,
				542276891C9D0441002116A8 /* AppDelegate.m */,
				542276851C9D0441002116A8 /* Supporting Files */,
			);
			path = "01-百思不得骑姐";
			sourceTree = "<group>";
		};
		542276851C9D0441002116A8 /* Supporting Files */ = {
			isa = PBXGroup;
			children = (
				542276911C9D0441002116A8 /* Assets.xcassets */,
				542276961C9D0441002116A8 /* Info.plist */,
				542276861C9D0441002116A8 /* main.m */,
			);
			name = "Supporting Files";
			sourceTree = "<group>";
		};
/* End PBXGroup section */

/* Begin PBXNativeTarget section */
		542276811C9D0441002116A8 /* 01-百思不得骑姐 */ = {
			isa = PBXNativeTarget;
			buildConfigurationList = 542276991C9D0441002116A8 /* Build configuration list for PBXNativeTarget "01-百思不得骑姐" */;
			buildPhases = (
				5422767E1C9D0441002116A8 /* Sources */,
				5422767F1C9D0441002116A8 /* Frameworks */,
				542276801C9D0441002116A8 /* Resources */,
			);
			buildRules = (
			);
			dependencies = (
			);
			name = "01-百思不得骑姐";
			productName = "01-百思不得骑姐";
			productReference = 542276821C9D0441002116A8 /* 01-百思不得骑姐.app */;
			productType = "com.apple.product-type.application";
		};
/* End PBXNativeTarget section */

/* Begin PBXProject section */
		5422767A1C9D0441002116A8 /* Project object */ = {
			isa = PBXProject;
			attributes = {
				CLASSPREFIX = YZB;
				LastUpgradeCheck = 0720;
				ORGANIZATIONNAME = Yo;
				TargetAttributes = {
					542276811C9D0441002116A8 = {
						CreatedOnToolsVersion = 7.2.1;
						DevelopmentTeam = PTD5X75L62;
					};
				};
			};
			buildConfigurationList = 5422767D1C9D0441002116A8 /* Build configuration list for PBXProject "01-百思不得骑姐" */;
			compatibilityVersion = "Xcode 3.2";
			developmentRegion = English;
			hasScannedForEncodings = 0;
			knownRegions = (
				en,
				Base,
			);
			mainGroup = 542276791C9D0441002116A8;
			productRefGroup = 542276831C9D0441002116A8 /* Products */;
			projectDirPath = "";
			projectRoot = "";
			targets = (
				542276811C9D0441002116A8 /* 01-百思不得骑姐 */,
			);
		};
/* End PBXProject section */

/* Begin PBXResourcesBuildPhase section */
		542276801C9D0441002116A8 /* Resources */ = {
			isa = PBXResourcesBuildPhase;
			buildActionMask = 2147483647;
			files = (
				542276921C9D0441002116A8 /* Assets.xcassets in Resources */,
			);
			runOnlyForDeploymentPostprocessing = 0;
		};
/* End PBXResourcesBuildPhase section */

/* Begin PBXSourcesBuildPhase section */
		5422767E1C9D0441002116A8 /* Sources */ = {
			isa = PBXSourcesBuildPhase;
			buildActionMask = 2147483647;
			files = (
				542276B31C9D365E002116A8 /* YZBFriendTrendsViewController.m in Sources */,
				542276B61C9D3679002116A8 /* YZBMeViewController.m in Sources */,
				5422769E1C9D21D0002116A8 /* YZBTabBarController.m in Sources */,
				5422768A1C9D0441002116A8 /* AppDelegate.m in Sources */,
				542276871C9D0441002116A8 /* main.m in Sources */,
				542276B01C9D363A002116A8 /* YZBNewViewController.m in Sources */,
				542276AD1C9D361A002116A8 /* YZBEssenceViewController.m in Sources */,
			);
			runOnlyForDeploymentPostprocessing = 0;
		};
/* End PBXSourcesBuildPhase section */

/* Begin XCBuildConfiguration section */
		542276971C9D0441002116A8 /* Debug */ = {
			isa = XCBuildConfiguration;
			buildSettings = {
				ALWAYS_SEARCH_USER_PATHS = NO;
				CLANG_CXX_LANGUAGE_STANDARD = "gnu++0x";
				CLANG_CXX_LIBRARY = "libc++";
				CLANG_ENABLE_MODULES = YES;
				CLANG_ENABLE_OBJC_ARC = YES;
				CLANG_WARN_BOOL_CONVERSION = YES;
				CLANG_WARN_CONSTANT_CONVERSION = YES;
				CLANG_WARN_DIRECT_OBJC_ISA_USAGE = YES_ERROR;
				CLANG_WARN_EMPTY_BODY = YES;
				CLANG_WARN_ENUM_CONVERSION = YES;
				CLANG_WARN_INT_CONVERSION = YES;
				CLANG_WARN_OBJC_ROOT_CLASS = YES_ERROR;
				CLANG_WARN_UNREACHABLE_CODE = YES;
				CLANG_WARN__DUPLICATE_METHOD_MATCH = YES;
				"CODE_SIGN_IDENTITY[sdk=iphoneos*]" = "iPhone Developer";
				COPY_PHASE_STRIP = NO;
				DEBUG_INFORMATION_FORMAT = dwarf;
				ENABLE_STRICT_OBJC_MSGSEND = YES;
				ENABLE_TESTABILITY = YES;
				GCC_C_LANGUAGE_STANDARD = gnu99;
				GCC_DYNAMIC_NO_PIC = NO;
				GCC_NO_COMMON_BLOCKS = YES;
				GCC_OPTIMIZATION_LEVEL = 0;
				GCC_PREPROCESSOR_DEFINITIONS = (
					"DEBUG=1",
					"$(inherited)",
				);
				GCC_WARN_64_TO_32_BIT_CONVERSION = YES;
				GCC_WARN_ABOUT_RETURN_TYPE = YES_ERROR;
				GCC_WARN_UNDECLARED_SELECTOR = YES;
				GCC_WARN_UNINITIALIZED_AUTOS = YES_AGGRESSIVE;
				GCC_WARN_UNUSED_FUNCTION = YES;
				GCC_WARN_UNUSED_VARIABLE = YES;
				IPHONEOS_DEPLOYMENT_TARGET = 9.2;
				MTL_ENABLE_DEBUG_INFO = YES;
				ONLY_ACTIVE_ARCH = YES;
				SDKROOT = iphoneos;
				TARGETED_DEVICE_FAMILY = "1,2";
			};
			name = Debug;
		};
		542276981C9D0441002116A8 /* Release */ = {
			isa = XCBuildConfiguration;
			buildSettings = {
				ALWAYS_SEARCH_USER_PATHS = NO;
				CLANG_CXX_LANGUAGE_STANDARD = "gnu++0x";
				CLANG_CXX_LIBRARY = "libc++";
				CLANG_ENABLE_MODULES = YES;
				CLANG_ENABLE_OBJC_ARC = YES;
				CLANG_WARN_BOOL_CONVERSION = YES;
				CLANG_WARN_CONSTANT_CONVERSION = YES;
				CLANG_WARN_DIRECT_OBJC_ISA_USAGE = YES_ERROR;
				CLANG_WARN_EMPTY_BODY = YES;
				CLANG_WARN_ENUM_CONVERSION = YES;
				CLANG_WARN_INT_CONVERSION = YES;
				CLANG_WARN_OBJC_ROOT_CLASS = YES_ERROR;
				CLANG_WARN_UNREACHABLE_CODE = YES;
				CLANG_WARN__DUPLICATE_METHOD_MATCH = YES;
				"CODE_SIGN_IDENTITY[sdk=iphoneos*]" = "iPhone Developer";
				COPY_PHASE_STRIP = NO;
				DEBUG_INFORMATION_FORMAT = "dwarf-with-dsym";
				ENABLE_NS_ASSERTIONS = NO;
				ENABLE_STRICT_OBJC_MSGSEND = YES;
				GCC_C_LANGUAGE_STANDARD = gnu99;
				GCC_NO_COMMON_BLOCKS = YES;
				GCC_WARN_64_TO_32_BIT_CONVERSION = YES;
				GCC_WARN_ABOUT_RETURN_TYPE = YES_ERROR;
				GCC_WARN_UNDECLARED_SELECTOR = YES;
				GCC_WARN_UNINITIALIZED_AUTOS = YES_AGGRESSIVE;
				GCC_WARN_UNUSED_FUNCTION = YES;
				GCC_WARN_UNUSED_VARIABLE = YES;
				IPHONEOS_DEPLOYMENT_TARGET = 9.2;
				MTL_ENABLE_DEBUG_INFO = NO;
				SDKROOT = iphoneos;
				TARGETED_DEVICE_FAMILY = "1,2";
				VALIDATE_PRODUCT = YES;
			};
			name = Release;
		};
		5422769A1C9D0441002116A8 /* Debug */ = {
			isa = XCBuildConfiguration;
			buildSettings = {
				ASSETCATALOG_COMPILER_APPICON_NAME = AppIcon;
				ASSETCATALOG_COMPILER_LAUNCHIMAGE_NAME = LaunchImage;
				INFOPLIST_FILE = "01-百思不得骑姐/Info.plist";
				LD_RUNPATH_SEARCH_PATHS = "$(inherited) @executable_path/Frameworks";
				PRODUCT_BUNDLE_IDENTIFIER = "bfdx.-1-------";
				PRODUCT_NAME = "$(TARGET_NAME)";
			};
			name = Debug;
		};
		5422769B1C9D0441002116A8 /* Release */ = {
			isa = XCBuildConfiguration;
			buildSettings = {
				ASSETCATALOG_COMPILER_APPICON_NAME = AppIcon;
				ASSETCATALOG_COMPILER_LAUNCHIMAGE_NAME = LaunchImage;
				INFOPLIST_FILE = "01-百思不得骑姐/Info.plist";
				LD_RUNPATH_SEARCH_PATHS = "$(inherited) @executable_path/Frameworks";
				PRODUCT_BUNDLE_IDENTIFIER = "bfdx.-1-------";
				PRODUCT_NAME = "$(TARGET_NAME)";
			};
			name = Release;
		};
/* End XCBuildConfiguration section */

/* Begin XCConfigurationList section */
		5422767D1C9D0441002116A8 /* Build configuration list for PBXProject "01-百思不得骑姐" */ = {
			isa = XCConfigurationList;
			buildConfigurations = (
				542276971C9D0441002116A8 /* Debug */,
				542276981C9D0441002116A8 /* Release */,
			);
			defaultConfigurationIsVisible = 0;
			defaultConfigurationName = Release;
		};
		542276991C9D0441002116A8 /* Build configuration list for PBXNativeTarget "01-百思不得骑姐" */ = {
			isa = XCConfigurationList;
			buildConfigurations = (
				5422769A1C9D0441002116A8 /* Debug */,
				5422769B1C9D0441002116A8 /* Release */,
			);
			defaultConfigurationIsVisible = 0;
		};
/* End XCConfigurationList section */
	};
	rootObject = 5422767A1C9D0441002116A8 /* Project object */;
}
